
Microsoft Visual Studio Solution File, Format Version 12.00
# Visual Studio Version 16
VisualStudioVersion = 16.0.32901.82
MinimumVisualStudioVersion = 10.0.40219.1
Project("{FAE04EC0-301F-11D3-BF4B-00C04F79EFBC}") = "ExtensionMethods", "ExtensionMethods.csproj", "{59CDC78D-5B3D-44AF-AE12-B637CA124C50}"
EndProject
Global
	GlobalSection(SolutionConfigurationPlatforms) = preSolution
		Debug|Any CPU = Debug|Any CPU
		Release|Any CPU = Release|Any CPU
	EndGlobalSection
	GlobalSection(ProjectConfigurationPlatforms) = postSolution
		{59CDC78D-5B3D-44AF-AE12-B637CA124C50}.Debug|Any CPU.ActiveCfg = Debug|Any CPU
		{59CDC78D-5B3D-44AF-AE12-B637CA124C50}.Debug|Any CPU.Build.0 = Debug|Any CPU
		{59CDC78D-5B3D-44AF-AE12-B637CA124C50}.Release|Any CPU.ActiveCfg = Release|Any CPU
		{59CDC78D-5B3D-44AF-AE12-B637CA124C50}.Release|Any CPU.Build.0 = Release|Any CPU
	EndGlobalSection
	GlobalSection(SolutionProperties) = preSolution
		HideSolutionNode = FALSE
	EndGlobalSection
	GlobalSection(ExtensibilityGlobals) = postSolution
		SolutionGuid = {8FFC546D-B444-497E-8E02-2F2DB18118BB}
	EndGlobalSection
EndGlobal
